
Microsoft Visual Studio Solution File, Format Version 12.00
# Visual Studio 2013
VisualStudioVersion = 12.0.31101.0
MinimumVisualStudioVersion = 10.0.40219.1
Project("{FAE04EC0-301F-11D3-BF4B-00C04F79EFBC}") = "MobilityDay.iOS", "MobilityDay.Forms\MobilityDay.iOS\MobilityDay.iOS.csproj", "{4E368E39-653C-4878-A799-0B23BEE0B742}"
EndProject
Project("{FAE04EC0-301F-11D3-BF4B-00C04F79EFBC}") = "MobilityDay.Droid", "MobilityDay.Forms\MobilityDay.Droid\MobilityDay.Droid.csproj", "{CA78F6F7-C827-47F6-A5B1-7CF0BEA997C3}"
EndProject
Project("{FAE04EC0-301F-11D3-BF4B-00C04F79EFBC}") = "MobilityDay.WinPhone", "MobilityDay.Forms\MobilityDay.WinPhone\MobilityDay.WinPhone.csproj", "{4149E2C2-E7F9-4B1E-A693-6ED3A5FDB126}"
EndProject
Project("{FAE04EC0-301F-11D3-BF4B-00C04F79EFBC}") = "MobilityDay.Core", "MobilityDay.Core\MobilityDay.Core.csproj", "{67F9D3A8-F71E-4428-913F-C37AE82CDB24}"
EndProject
Project("{FAE04EC0-301F-11D3-BF4B-00C04F79EFBC}") = "MobilityDay", "MobilityDay.Forms\MobilityDay\MobilityDay.csproj", "{1E85F862-EBE0-44BE-807C-64F2B2BA8AF6}"
EndProject
Project("{2150E333-8FDC-42A3-9474-1A3956D46DE8}") = "MobilityDay.Forms", "MobilityDay.Forms", "{07C42357-72CD-4EDB-9104-70B13909888F}"
EndProject
Project("{2150E333-8FDC-42A3-9474-1A3956D46DE8}") = "MobilityDay.Native", "MobilityDay.Native", "{4E566496-F743-4226-954C-1EA8020CD031}"
EndProject
Project("{FAE04EC0-301F-11D3-BF4B-00C04F79EFBC}") = "MobilityDay.Droid", "MobilityDay.Native\MobilityDay.Droid\MobilityDay.Droid.csproj", "{743F3481-B2AC-4A26-A2EB-7617F866AA76}"
EndProject
Project("{FAE04EC0-301F-11D3-BF4B-00C04F79EFBC}") = "MobilityDay.iOS", "MobilityDay.Native\MobilityDay.iOS\MobilityDay.iOS.csproj", "{B350D072-5EA6-4619-A63A-03ADF7E503D2}"
EndProject
Global
	GlobalSection(SolutionConfigurationPlatforms) = preSolution
		Ad-Hoc|Any CPU = Ad-Hoc|Any CPU
		Ad-Hoc|ARM = Ad-Hoc|ARM
		Ad-Hoc|iPhone = Ad-Hoc|iPhone
		Ad-Hoc|iPhoneSimulator = Ad-Hoc|iPhoneSimulator
		Ad-Hoc|Mixed Platforms = Ad-Hoc|Mixed Platforms
		Ad-Hoc|x86 = Ad-Hoc|x86
		AppStore|Any CPU = AppStore|Any CPU
		AppStore|ARM = AppStore|ARM
		AppStore|iPhone = AppStore|iPhone
		AppStore|iPhoneSimulator = AppStore|iPhoneSimulator
		AppStore|Mixed Platforms = AppStore|Mixed Platforms
		AppStore|x86 = AppStore|x86
		Debug|Any CPU = Debug|Any CPU
		Debug|ARM = Debug|ARM
		Debug|iPhone = Debug|iPhone
		Debug|iPhoneSimulator = Debug|iPhoneSimulator
		Debug|Mixed Platforms = Debug|Mixed Platforms
		Debug|x86 = Debug|x86
		Release|Any CPU = Release|Any CPU
		Release|ARM = Release|ARM
		Release|iPhone = Release|iPhone
		Release|iPhoneSimulator = Release|iPhoneSimulator
		Release|Mixed Platforms = Release|Mixed Platforms
		Release|x86 = Release|x86
	EndGlobalSection
	GlobalSection(ProjectConfigurationPlatforms) = postSolution
		{4E368E39-653C-4878-A799-0B23BEE0B742}.Ad-Hoc|Any CPU.ActiveCfg = Ad-Hoc|iPhone
		{4E368E39-653C-4878-A799-0B23BEE0B742}.Ad-Hoc|ARM.ActiveCfg = Ad-Hoc|iPhone
		{4E368E39-653C-4878-A799-0B23BEE0B742}.Ad-Hoc|iPhone.ActiveCfg = Ad-Hoc|iPhone
		{4E368E39-653C-4878-A799-0B23BEE0B742}.Ad-Hoc|iPhone.Build.0 = Ad-Hoc|iPhone
		{4E368E39-653C-4878-A799-0B23BEE0B742}.Ad-Hoc|iPhoneSimulator.ActiveCfg = Ad-Hoc|iPhoneSimulator
		{4E368E39-653C-4878-A799-0B23BEE0B742}.Ad-Hoc|iPhoneSimulator.Build.0 = Ad-Hoc|iPhoneSimulator
		{4E368E39-653C-4878-A799-0B23BEE0B742}.Ad-Hoc|Mixed Platforms.ActiveCfg = Ad-Hoc|iPhone
		{4E368E39-653C-4878-A799-0B23BEE0B742}.Ad-Hoc|Mixed Platforms.Build.0 = Ad-Hoc|iPhone
		{4E368E39-653C-4878-A799-0B23BEE0B742}.Ad-Hoc|x86.ActiveCfg = Ad-Hoc|iPhone
		{4E368E39-653C-4878-A799-0B23BEE0B742}.AppStore|Any CPU.ActiveCfg = AppStore|iPhone
		{4E368E39-653C-4878-A799-0B23BEE0B742}.AppStore|ARM.ActiveCfg = AppStore|iPhone
		{4E368E39-653C-4878-A799-0B23BEE0B742}.AppStore|iPhone.ActiveCfg = AppStore|iPhone
		{4E368E39-653C-4878-A799-0B23BEE0B742}.AppStore|iPhone.Build.0 = AppStore|iPhone
		{4E368E39-653C-4878-A799-0B23BEE0B742}.AppStore|iPhoneSimulator.ActiveCfg = AppStore|iPhoneSimulator
		{4E368E39-653C-4878-A799-0B23BEE0B742}.AppStore|iPhoneSimulator.Build.0 = AppStore|iPhoneSimulator
		{4E368E39-653C-4878-A799-0B23BEE0B742}.AppStore|Mixed Platforms.ActiveCfg = AppStore|iPhone
		{4E368E39-653C-4878-A799-0B23BEE0B742}.AppStore|Mixed Platforms.Build.0 = AppStore|iPhone
		{4E368E39-653C-4878-A799-0B23BEE0B742}.AppStore|x86.ActiveCfg = AppStore|iPhone
		{4E368E39-653C-4878-A799-0B23BEE0B742}.Debug|Any CPU.ActiveCfg = Debug|iPhone
		{4E368E39-653C-4878-A799-0B23BEE0B742}.Debug|ARM.ActiveCfg = Debug|iPhone
		{4E368E39-653C-4878-A799-0B23BEE0B742}.Debug|iPhone.ActiveCfg = Debug|iPhone
		{4E368E39-653C-4878-A799-0B23BEE0B742}.Debug|iPhone.Build.0 = Debug|iPhone
		{4E368E39-653C-4878-A799-0B23BEE0B742}.Debug|iPhoneSimulator.ActiveCfg = Debug|iPhoneSimulator
		{4E368E39-653C-4878-A799-0B23BEE0B742}.Debug|iPhoneSimulator.Build.0 = Debug|iPhoneSimulator
		{4E368E39-653C-4878-A799-0B23BEE0B742}.Debug|Mixed Platforms.ActiveCfg = Debug|iPhone
		{4E368E39-653C-4878-A799-0B23BEE0B742}.Debug|Mixed Platforms.Build.0 = Debug|iPhone
		{4E368E39-653C-4878-A799-0B23BEE0B742}.Debug|x86.ActiveCfg = Debug|iPhone
		{4E368E39-653C-4878-A799-0B23BEE0B742}.Release|Any CPU.ActiveCfg = Release|iPhone
		{4E368E39-653C-4878-A799-0B23BEE0B742}.Release|ARM.ActiveCfg = Release|iPhone
		{4E368E39-653C-4878-A799-0B23BEE0B742}.Release|iPhone.ActiveCfg = Release|iPhone
		{4E368E39-653C-4878-A799-0B23BEE0B742}.Release|iPhone.Build.0 = Release|iPhone
		{4E368E39-653C-4878-A799-0B23BEE0B742}.Release|iPhoneSimulator.ActiveCfg = Release|iPhoneSimulator
		{4E368E39-653C-4878-A799-0B23BEE0B742}.Release|iPhoneSimulator.Build.0 = Release|iPhoneSimulator
		{4E368E39-653C-4878-A799-0B23BEE0B742}.Release|Mixed Platforms.ActiveCfg = Release|iPhone
		{4E368E39-653C-4878-A799-0B23BEE0B742}.Release|Mixed Platforms.Build.0 = Release|iPhone
		{4E368E39-653C-4878-A799-0B23BEE0B742}.Release|x86.ActiveCfg = Release|iPhone
		{CA78F6F7-C827-47F6-A5B1-7CF0BEA997C3}.Ad-Hoc|Any CPU.ActiveCfg = Release|Any CPU
		{CA78F6F7-C827-47F6-A5B1-7CF0BEA997C3}.Ad-Hoc|Any CPU.Build.0 = Release|Any CPU
		{CA78F6F7-C827-47F6-A5B1-7CF0BEA997C3}.Ad-Hoc|Any CPU.Deploy.0 = Release|Any CPU
		{CA78F6F7-C827-47F6-A5B1-7CF0BEA997C3}.Ad-Hoc|ARM.ActiveCfg = Release|Any CPU
		{CA78F6F7-C827-47F6-A5B1-7CF0BEA997C3}.Ad-Hoc|iPhone.ActiveCfg = Release|Any CPU
		{CA78F6F7-C827-47F6-A5B1-7CF0BEA997C3}.Ad-Hoc|iPhoneSimulator.ActiveCfg = Release|Any CPU
		{CA78F6F7-C827-47F6-A5B1-7CF0BEA997C3}.Ad-Hoc|Mixed Platforms.ActiveCfg = Release|Any CPU
		{CA78F6F7-C827-47F6-A5B1-7CF0BEA997C3}.Ad-Hoc|Mixed Platforms.Build.0 = Release|Any CPU
		{CA78F6F7-C827-47F6-A5B1-7CF0BEA997C3}.Ad-Hoc|Mixed Platforms.Deploy.0 = Release|Any CPU
		{CA78F6F7-C827-47F6-A5B1-7CF0BEA997C3}.Ad-Hoc|x86.ActiveCfg = Release|Any CPU
		{CA78F6F7-C827-47F6-A5B1-7CF0BEA997C3}.AppStore|Any CPU.ActiveCfg = Release|Any CPU
		{CA78F6F7-C827-47F6-A5B1-7CF0BEA997C3}.AppStore|Any CPU.Build.0 = Release|Any CPU
		{CA78F6F7-C827-47F6-A5B1-7CF0BEA997C3}.AppStore|Any CPU.Deploy.0 = Release|Any CPU
		{CA78F6F7-C827-47F6-A5B1-7CF0BEA997C3}.AppStore|ARM.ActiveCfg = Release|Any CPU
		{CA78F6F7-C827-47F6-A5B1-7CF0BEA997C3}.AppStore|iPhone.ActiveCfg = Release|Any CPU
		{CA78F6F7-C827-47F6-A5B1-7CF0BEA997C3}.AppStore|iPhoneSimulator.ActiveCfg = Release|Any CPU
		{CA78F6F7-C827-47F6-A5B1-7CF0BEA997C3}.AppStore|Mixed Platforms.ActiveCfg = Release|Any CPU
		{CA78F6F7-C827-47F6-A5B1-7CF0BEA997C3}.AppStore|Mixed Platforms.Build.0 = Release|Any CPU
		{CA78F6F7-C827-47F6-A5B1-7CF0BEA997C3}.AppStore|Mixed Platforms.Deploy.0 = Release|Any CPU
		{CA78F6F7-C827-47F6-A5B1-7CF0BEA997C3}.AppStore|x86.ActiveCfg = Release|Any CPU
		{CA78F6F7-C827-47F6-A5B1-7CF0BEA997C3}.Debug|Any CPU.ActiveCfg = Debug|Any CPU
		{CA78F6F7-C827-47F6-A5B1-7CF0BEA997C3}.Debug|Any CPU.Build.0 = Debug|Any CPU
		{CA78F6F7-C827-47F6-A5B1-7CF0BEA997C3}.Debug|Any CPU.Deploy.0 = Debug|Any CPU
		{CA78F6F7-C827-47F6-A5B1-7CF0BEA997C3}.Debug|ARM.ActiveCfg = Debug|Any CPU
		{CA78F6F7-C827-47F6-A5B1-7CF0BEA997C3}.Debug|iPhone.ActiveCfg = Debug|Any CPU
		{CA78F6F7-C827-47F6-A5B1-7CF0BEA997C3}.Debug|iPhoneSimulator.ActiveCfg = Debug|Any CPU
		{CA78F6F7-C827-47F6-A5B1-7CF0BEA997C3}.Debug|Mixed Platforms.ActiveCfg = Debug|Any CPU
		{CA78F6F7-C827-47F6-A5B1-7CF0BEA997C3}.Debug|Mixed Platforms.Build.0 = Debug|Any CPU
		{CA78F6F7-C827-47F6-A5B1-7CF0BEA997C3}.Debug|Mixed Platforms.Deploy.0 = Debug|Any CPU
		{CA78F6F7-C827-47F6-A5B1-7CF0BEA997C3}.Debug|x86.ActiveCfg = Debug|Any CPU
		{CA78F6F7-C827-47F6-A5B1-7CF0BEA997C3}.Release|Any CPU.ActiveCfg = Release|Any CPU
		{CA78F6F7-C827-47F6-A5B1-7CF0BEA997C3}.Release|Any CPU.Build.0 = Release|Any CPU
		{CA78F6F7-C827-47F6-A5B1-7CF0BEA997C3}.Release|Any CPU.Deploy.0 = Release|Any CPU
		{CA78F6F7-C827-47F6-A5B1-7CF0BEA997C3}.Release|ARM.ActiveCfg = Release|Any CPU
		{CA78F6F7-C827-47F6-A5B1-7CF0BEA997C3}.Release|iPhone.ActiveCfg = Release|Any CPU
		{CA78F6F7-C827-47F6-A5B1-7CF0BEA997C3}.Release|iPhoneSimulator.ActiveCfg = Release|Any CPU
		{CA78F6F7-C827-47F6-A5B1-7CF0BEA997C3}.Release|Mixed Platforms.ActiveCfg = Release|Any CPU
		{CA78F6F7-C827-47F6-A5B1-7CF0BEA997C3}.Release|Mixed Platforms.Build.0 = Release|Any CPU
		{CA78F6F7-C827-47F6-A5B1-7CF0BEA997C3}.Release|Mixed Platforms.Deploy.0 = Release|Any CPU
		{CA78F6F7-C827-47F6-A5B1-7CF0BEA997C3}.Release|x86.ActiveCfg = Release|Any CPU
		{4149E2C2-E7F9-4B1E-A693-6ED3A5FDB126}.Ad-Hoc|Any CPU.ActiveCfg = Release|Any CPU
		{4149E2C2-E7F9-4B1E-A693-6ED3A5FDB126}.Ad-Hoc|Any CPU.Build.0 = Release|Any CPU
		{4149E2C2-E7F9-4B1E-A693-6ED3A5FDB126}.Ad-Hoc|Any CPU.Deploy.0 = Release|Any CPU
		{4149E2C2-E7F9-4B1E-A693-6ED3A5FDB126}.Ad-Hoc|ARM.ActiveCfg = Release|ARM
		{4149E2C2-E7F9-4B1E-A693-6ED3A5FDB126}.Ad-Hoc|ARM.Build.0 = Release|ARM
		{4149E2C2-E7F9-4B1E-A693-6ED3A5FDB126}.Ad-Hoc|ARM.Deploy.0 = Release|ARM
		{4149E2C2-E7F9-4B1E-A693-6ED3A5FDB126}.Ad-Hoc|iPhone.ActiveCfg = Release|Any CPU
		{4149E2C2-E7F9-4B1E-A693-6ED3A5FDB126}.Ad-Hoc|iPhoneSimulator.ActiveCfg = Release|Any CPU
		{4149E2C2-E7F9-4B1E-A693-6ED3A5FDB126}.Ad-Hoc|Mixed Platforms.ActiveCfg = Release|x86
		{4149E2C2-E7F9-4B1E-A693-6ED3A5FDB126}.Ad-Hoc|Mixed Platforms.Build.0 = Release|x86
		{4149E2C2-E7F9-4B1E-A693-6ED3A5FDB126}.Ad-Hoc|Mixed Platforms.Deploy.0 = Release|x86
		{4149E2C2-E7F9-4B1E-A693-6ED3A5FDB126}.Ad-Hoc|x86.ActiveCfg = Release|x86
		{4149E2C2-E7F9-4B1E-A693-6ED3A5FDB126}.Ad-Hoc|x86.Build.0 = Release|x86
		{4149E2C2-E7F9-4B1E-A693-6ED3A5FDB126}.Ad-Hoc|x86.Deploy.0 = Release|x86
		{4149E2C2-E7F9-4B1E-A693-6ED3A5FDB126}.AppStore|Any CPU.ActiveCfg = Release|Any CPU
		{4149E2C2-E7F9-4B1E-A693-6ED3A5FDB126}.AppStore|Any CPU.Build.0 = Release|Any CPU
		{4149E2C2-E7F9-4B1E-A693-6ED3A5FDB126}.AppStore|Any CPU.Deploy.0 = Release|Any CPU
		{4149E2C2-E7F9-4B1E-A693-6ED3A5FDB126}.AppStore|ARM.ActiveCfg = Release|ARM
		{4149E2C2-E7F9-4B1E-A693-6ED3A5FDB126}.AppStore|ARM.Build.0 = Release|ARM
		{4149E2C2-E7F9-4B1E-A693-6ED3A5FDB126}.AppStore|ARM.Deploy.0 = Release|ARM
		{4149E2C2-E7F9-4B1E-A693-6ED3A5FDB126}.AppStore|iPhone.ActiveCfg = Release|Any CPU
		{4149E2C2-E7F9-4B1E-A693-6ED3A5FDB126}.AppStore|iPhoneSimulator.ActiveCfg = Release|Any CPU
		{4149E2C2-E7F9-4B1E-A693-6ED3A5FDB126}.AppStore|Mixed Platforms.ActiveCfg = Release|x86
		{4149E2C2-E7F9-4B1E-A693-6ED3A5FDB126}.AppStore|Mixed Platforms.Build.0 = Release|x86
		{4149E2C2-E7F9-4B1E-A693-6ED3A5FDB126}.AppStore|Mixed Platforms.Deploy.0 = Release|x86
		{4149E2C2-E7F9-4B1E-A693-6ED3A5FDB126}.AppStore|x86.ActiveCfg = Release|x86
		{4149E2C2-E7F9-4B1E-A693-6ED3A5FDB126}.AppStore|x86.Build.0 = Release|x86
		{4149E2C2-E7F9-4B1E-A693-6ED3A5FDB126}.AppStore|x86.Deploy.0 = Release|x86
		{4149E2C2-E7F9-4B1E-A693-6ED3A5FDB126}.Debug|Any CPU.ActiveCfg = Debug|Any CPU
		{4149E2C2-E7F9-4B1E-A693-6ED3A5FDB126}.Debug|Any CPU.Build.0 = Debug|Any CPU
		{4149E2C2-E7F9-4B1E-A693-6ED3A5FDB126}.Debug|Any CPU.Deploy.0 = Debug|Any CPU
		{4149E2C2-E7F9-4B1E-A693-6ED3A5FDB126}.Debug|ARM.ActiveCfg = Debug|ARM
		{4149E2C2-E7F9-4B1E-A693-6ED3A5FDB126}.Debug|ARM.Build.0 = Debug|ARM
		{4149E2C2-E7F9-4B1E-A693-6ED3A5FDB126}.Debug|ARM.Deploy.0 = Debug|ARM
		{4149E2C2-E7F9-4B1E-A693-6ED3A5FDB126}.Debug|iPhone.ActiveCfg = Debug|Any CPU
		{4149E2C2-E7F9-4B1E-A693-6ED3A5FDB126}.Debug|iPhoneSimulator.ActiveCfg = Debug|Any CPU
		{4149E2C2-E7F9-4B1E-A693-6ED3A5FDB126}.Debug|Mixed Platforms.ActiveCfg = Debug|x86
		{4149E2C2-E7F9-4B1E-A693-6ED3A5FDB126}.Debug|Mixed Platforms.Build.0 = Debug|x86
		{4149E2C2-E7F9-4B1E-A693-6ED3A5FDB126}.Debug|Mixed Platforms.Deploy.0 = Debug|x86
		{4149E2C2-E7F9-4B1E-A693-6ED3A5FDB126}.Debug|x86.ActiveCfg = Debug|x86
		{4149E2C2-E7F9-4B1E-A693-6ED3A5FDB126}.Debug|x86.Build.0 = Debug|x86
		{4149E2C2-E7F9-4B1E-A693-6ED3A5FDB126}.Debug|x86.Deploy.0 = Debug|x86
		{4149E2C2-E7F9-4B1E-A693-6ED3A5FDB126}.Release|Any CPU.ActiveCfg = Release|Any CPU
		{4149E2C2-E7F9-4B1E-A693-6ED3A5FDB126}.Release|Any CPU.Build.0 = Release|Any CPU
		{4149E2C2-E7F9-4B1E-A693-6ED3A5FDB126}.Release|Any CPU.Deploy.0 = Release|Any CPU
		{4149E2C2-E7F9-4B1E-A693-6ED3A5FDB126}.Release|ARM.ActiveCfg = Release|ARM
		{4149E2C2-E7F9-4B1E-A693-6ED3A5FDB126}.Release|ARM.Build.0 = Release|ARM
		{4149E2C2-E7F9-4B1E-A693-6ED3A5FDB126}.Release|ARM.Deploy.0 = Release|ARM
		{4149E2C2-E7F9-4B1E-A693-6ED3A5FDB126}.Release|iPhone.ActiveCfg = Release|Any CPU
		{4149E2C2-E7F9-4B1E-A693-6ED3A5FDB126}.Release|iPhoneSimulator.ActiveCfg = Release|Any CPU
		{4149E2C2-E7F9-4B1E-A693-6ED3A5FDB126}.Release|Mixed Platforms.ActiveCfg = Release|x86
		{4149E2C2-E7F9-4B1E-A693-6ED3A5FDB126}.Release|Mixed Platforms.Build.0 = Release|x86
		{4149E2C2-E7F9-4B1E-A693-6ED3A5FDB126}.Release|Mixed Platforms.Deploy.0 = Release|x86
		{4149E2C2-E7F9-4B1E-A693-6ED3A5FDB126}.Release|x86.ActiveCfg = Release|x86
		{4149E2C2-E7F9-4B1E-A693-6ED3A5FDB126}.Release|x86.Build.0 = Release|x86
		{4149E2C2-E7F9-4B1E-A693-6ED3A5FDB126}.Release|x86.Deploy.0 = Release|x86
		{67F9D3A8-F71E-4428-913F-C37AE82CDB24}.Ad-Hoc|Any CPU.ActiveCfg = Release|Any CPU
		{67F9D3A8-F71E-4428-913F-C37AE82CDB24}.Ad-Hoc|Any CPU.Build.0 = Release|Any CPU
		{67F9D3A8-F71E-4428-913F-C37AE82CDB24}.Ad-Hoc|ARM.ActiveCfg = Release|Any CPU
		{67F9D3A8-F71E-4428-913F-C37AE82CDB24}.Ad-Hoc|iPhone.ActiveCfg = Release|Any CPU
		{67F9D3A8-F71E-4428-913F-C37AE82CDB24}.Ad-Hoc|iPhoneSimulator.ActiveCfg = Release|Any CPU
		{67F9D3A8-F71E-4428-913F-C37AE82CDB24}.Ad-Hoc|Mixed Platforms.ActiveCfg = Release|Any CPU
		{67F9D3A8-F71E-4428-913F-C37AE82CDB24}.Ad-Hoc|Mixed Platforms.Build.0 = Release|Any CPU
		{67F9D3A8-F71E-4428-913F-C37AE82CDB24}.Ad-Hoc|x86.ActiveCfg = Release|Any CPU
		{67F9D3A8-F71E-4428-913F-C37AE82CDB24}.AppStore|Any CPU.ActiveCfg = Release|Any CPU
		{67F9D3A8-F71E-4428-913F-C37AE82CDB24}.AppStore|Any CPU.Build.0 = Release|Any CPU
		{67F9D3A8-F71E-4428-913F-C37AE82CDB24}.AppStore|ARM.ActiveCfg = Release|Any CPU
		{67F9D3A8-F71E-4428-913F-C37AE82CDB24}.AppStore|iPhone.ActiveCfg = Release|Any CPU
		{67F9D3A8-F71E-4428-913F-C37AE82CDB24}.AppStore|iPhoneSimulator.ActiveCfg = Release|Any CPU
		{67F9D3A8-F71E-4428-913F-C37AE82CDB24}.AppStore|Mixed Platforms.ActiveCfg = Release|Any CPU
		{67F9D3A8-F71E-4428-913F-C37AE82CDB24}.AppStore|Mixed Platforms.Build.0 = Release|Any CPU
		{67F9D3A8-F71E-4428-913F-C37AE82CDB24}.AppStore|x86.ActiveCfg = Release|Any CPU
		{67F9D3A8-F71E-4428-913F-C37AE82CDB24}.Debug|Any CPU.ActiveCfg = Debug|Any CPU
		{67F9D3A8-F71E-4428-913F-C37AE82CDB24}.Debug|Any CPU.Build.0 = Debug|Any CPU
		{67F9D3A8-F71E-4428-913F-C37AE82CDB24}.Debug|ARM.ActiveCfg = Debug|Any CPU
		{67F9D3A8-F71E-4428-913F-C37AE82CDB24}.Debug|iPhone.ActiveCfg = Debug|Any CPU
		{67F9D3A8-F71E-4428-913F-C37AE82CDB24}.Debug|iPhoneSimulator.ActiveCfg = Debug|Any CPU
		{67F9D3A8-F71E-4428-913F-C37AE82CDB24}.Debug|iPhoneSimulator.Build.0 = Debug|Any CPU
		{67F9D3A8-F71E-4428-913F-C37AE82CDB24}.Debug|Mixed Platforms.ActiveCfg = Debug|Any CPU
		{67F9D3A8-F71E-4428-913F-C37AE82CDB24}.Debug|Mixed Platforms.Build.0 = Debug|Any CPU
		{67F9D3A8-F71E-4428-913F-C37AE82CDB24}.Debug|x86.ActiveCfg = Debug|Any CPU
		{67F9D3A8-F71E-4428-913F-C37AE82CDB24}.Release|Any CPU.ActiveCfg = Release|Any CPU
		{67F9D3A8-F71E-4428-913F-C37AE82CDB24}.Release|Any CPU.Build.0 = Release|Any CPU
		{67F9D3A8-F71E-4428-913F-C37AE82CDB24}.Release|ARM.ActiveCfg = Release|Any CPU
		{67F9D3A8-F71E-4428-913F-C37AE82CDB24}.Release|iPhone.ActiveCfg = Release|Any CPU
		{67F9D3A8-F71E-4428-913F-C37AE82CDB24}.Release|iPhoneSimulator.ActiveCfg = Release|Any CPU
		{67F9D3A8-F71E-4428-913F-C37AE82CDB24}.Release|Mixed Platforms.ActiveCfg = Release|Any CPU
		{67F9D3A8-F71E-4428-913F-C37AE82CDB24}.Release|Mixed Platforms.Build.0 = Release|Any CPU
		{67F9D3A8-F71E-4428-913F-C37AE82CDB24}.Release|x86.ActiveCfg = Release|Any CPU
		{1E85F862-EBE0-44BE-807C-64F2B2BA8AF6}.Ad-Hoc|Any CPU.ActiveCfg = Release|Any CPU
		{1E85F862-EBE0-44BE-807C-64F2B2BA8AF6}.Ad-Hoc|Any CPU.Build.0 = Release|Any CPU
		{1E85F862-EBE0-44BE-807C-64F2B2BA8AF6}.Ad-Hoc|ARM.ActiveCfg = Release|Any CPU
		{1E85F862-EBE0-44BE-807C-64F2B2BA8AF6}.Ad-Hoc|iPhone.ActiveCfg = Release|Any CPU
		{1E85F862-EBE0-44BE-807C-64F2B2BA8AF6}.Ad-Hoc|iPhoneSimulator.ActiveCfg = Release|Any CPU
		{1E85F862-EBE0-44BE-807C-64F2B2BA8AF6}.Ad-Hoc|Mixed Platforms.ActiveCfg = Release|Any CPU
		{1E85F862-EBE0-44BE-807C-64F2B2BA8AF6}.Ad-Hoc|Mixed Platforms.Build.0 = Release|Any CPU
		{1E85F862-EBE0-44BE-807C-64F2B2BA8AF6}.Ad-Hoc|x86.ActiveCfg = Release|Any CPU
		{1E85F862-EBE0-44BE-807C-64F2B2BA8AF6}.AppStore|Any CPU.ActiveCfg = Release|Any CPU
		{1E85F862-EBE0-44BE-807C-64F2B2BA8AF6}.AppStore|Any CPU.Build.0 = Release|Any CPU
		{1E85F862-EBE0-44BE-807C-64F2B2BA8AF6}.AppStore|ARM.ActiveCfg = Release|Any CPU
		{1E85F862-EBE0-44BE-807C-64F2B2BA8AF6}.AppStore|iPhone.ActiveCfg = Release|Any CPU
		{1E85F862-EBE0-44BE-807C-64F2B2BA8AF6}.AppStore|iPhoneSimulator.ActiveCfg = Release|Any CPU
		{1E85F862-EBE0-44BE-807C-64F2B2BA8AF6}.AppStore|Mixed Platforms.ActiveCfg = Release|Any CPU
		{1E85F862-EBE0-44BE-807C-64F2B2BA8AF6}.AppStore|Mixed Platforms.Build.0 = Release|Any CPU
		{1E85F862-EBE0-44BE-807C-64F2B2BA8AF6}.AppStore|x86.ActiveCfg = Release|Any CPU
		{1E85F862-EBE0-44BE-807C-64F2B2BA8AF6}.Debug|Any CPU.ActiveCfg = Debug|Any CPU
		{1E85F862-EBE0-44BE-807C-64F2B2BA8AF6}.Debug|Any CPU.Build.0 = Debug|Any CPU
		{1E85F862-EBE0-44BE-807C-64F2B2BA8AF6}.Debug|ARM.ActiveCfg = Debug|Any CPU
		{1E85F862-EBE0-44BE-807C-64F2B2BA8AF6}.Debug|iPhone.ActiveCfg = Debug|Any CPU
		{1E85F862-EBE0-44BE-807C-64F2B2BA8AF6}.Debug|iPhoneSimulator.ActiveCfg = Debug|Any CPU
		{1E85F862-EBE0-44BE-807C-64F2B2BA8AF6}.Debug|iPhoneSimulator.Build.0 = Debug|Any CPU
		{1E85F862-EBE0-44BE-807C-64F2B2BA8AF6}.Debug|Mixed Platforms.ActiveCfg = Debug|Any CPU
		{1E85F862-EBE0-44BE-807C-64F2B2BA8AF6}.Debug|Mixed Platforms.Build.0 = Debug|Any CPU
		{1E85F862-EBE0-44BE-807C-64F2B2BA8AF6}.Debug|x86.ActiveCfg = Debug|Any CPU
		{1E85F862-EBE0-44BE-807C-64F2B2BA8AF6}.Release|Any CPU.ActiveCfg = Release|Any CPU
		{1E85F862-EBE0-44BE-807C-64F2B2BA8AF6}.Release|Any CPU.Build.0 = Release|Any CPU
		{1E85F862-EBE0-44BE-807C-64F2B2BA8AF6}.Release|ARM.ActiveCfg = Release|Any CPU
		{1E85F862-EBE0-44BE-807C-64F2B2BA8AF6}.Release|iPhone.ActiveCfg = Release|Any CPU
		{1E85F862-EBE0-44BE-807C-64F2B2BA8AF6}.Release|iPhoneSimulator.ActiveCfg = Release|Any CPU
		{1E85F862-EBE0-44BE-807C-64F2B2BA8AF6}.Release|Mixed Platforms.ActiveCfg = Release|Any CPU
		{1E85F862-EBE0-44BE-807C-64F2B2BA8AF6}.Release|Mixed Platforms.Build.0 = Release|Any CPU
		{1E85F862-EBE0-44BE-807C-64F2B2BA8AF6}.Release|x86.ActiveCfg = Release|Any CPU
		{743F3481-B2AC-4A26-A2EB-7617F866AA76}.Ad-Hoc|Any CPU.ActiveCfg = Release|Any CPU
		{743F3481-B2AC-4A26-A2EB-7617F866AA76}.Ad-Hoc|Any CPU.Build.0 = Release|Any CPU
		{743F3481-B2AC-4A26-A2EB-7617F866AA76}.Ad-Hoc|Any CPU.Deploy.0 = Release|Any CPU
		{743F3481-B2AC-4A26-A2EB-7617F866AA76}.Ad-Hoc|ARM.ActiveCfg = Release|Any CPU
		{743F3481-B2AC-4A26-A2EB-7617F866AA76}.Ad-Hoc|iPhone.ActiveCfg = Release|Any CPU
		{743F3481-B2AC-4A26-A2EB-7617F866AA76}.Ad-Hoc|iPhoneSimulator.ActiveCfg = Release|Any CPU
		{743F3481-B2AC-4A26-A2EB-7617F866AA76}.Ad-Hoc|Mixed Platforms.ActiveCfg = Release|Any CPU
		{743F3481-B2AC-4A26-A2EB-7617F866AA76}.Ad-Hoc|Mixed Platforms.Build.0 = Release|Any CPU
		{743F3481-B2AC-4A26-A2EB-7617F866AA76}.Ad-Hoc|Mixed Platforms.Deploy.0 = Release|Any CPU
		{743F3481-B2AC-4A26-A2EB-7617F866AA76}.Ad-Hoc|x86.ActiveCfg = Release|Any CPU
		{743F3481-B2AC-4A26-A2EB-7617F866AA76}.AppStore|Any CPU.ActiveCfg = Release|Any CPU
		{743F3481-B2AC-4A26-A2EB-7617F866AA76}.AppStore|Any CPU.Build.0 = Release|Any CPU
		{743F3481-B2AC-4A26-A2EB-7617F866AA76}.AppStore|Any CPU.Deploy.0 = Release|Any CPU
		{743F3481-B2AC-4A26-A2EB-7617F866AA76}.AppStore|ARM.ActiveCfg = Release|Any CPU
		{743F3481-B2AC-4A26-A2EB-7617F866AA76}.AppStore|iPhone.ActiveCfg = Release|Any CPU
		{743F3481-B2AC-4A26-A2EB-7617F866AA76}.AppStore|iPhoneSimulator.ActiveCfg = Release|Any CPU
		{743F3481-B2AC-4A26-A2EB-7617F866AA76}.AppStore|Mixed Platforms.ActiveCfg = Release|Any CPU
		{743F3481-B2AC-4A26-A2EB-7617F866AA76}.AppStore|Mixed Platforms.Build.0 = Release|Any CPU
		{743F3481-B2AC-4A26-A2EB-7617F866AA76}.AppStore|Mixed Platforms.Deploy.0 = Release|Any CPU
		{743F3481-B2AC-4A26-A2EB-7617F866AA76}.AppStore|x86.ActiveCfg = Release|Any CPU
		{743F3481-B2AC-4A26-A2EB-7617F866AA76}.Debug|Any CPU.ActiveCfg = Debug|Any CPU
		{743F3481-B2AC-4A26-A2EB-7617F866AA76}.Debug|Any CPU.Build.0 = Debug|Any CPU
		{743F3481-B2AC-4A26-A2EB-7617F866AA76}.Debug|Any CPU.Deploy.0 = Debug|Any CPU
		{743F3481-B2AC-4A26-A2EB-7617F866AA76}.Debug|ARM.ActiveCfg = Debug|Any CPU
		{743F3481-B2AC-4A26-A2EB-7617F866AA76}.Debug|iPhone.ActiveCfg = Debug|Any CPU
		{743F3481-B2AC-4A26-A2EB-7617F866AA76}.Debug|iPhoneSimulator.ActiveCfg = Debug|Any CPU
		{743F3481-B2AC-4A26-A2EB-7617F866AA76}.Debug|Mixed Platforms.ActiveCfg = Debug|Any CPU
		{743F3481-B2AC-4A26-A2EB-7617F866AA76}.Debug|Mixed Platforms.Build.0 = Debug|Any CPU
		{743F3481-B2AC-4A26-A2EB-7617F866AA76}.Debug|Mixed Platforms.Deploy.0 = Debug|Any CPU
		{743F3481-B2AC-4A26-A2EB-7617F866AA76}.Debug|x86.ActiveCfg = Debug|Any CPU
		{743F3481-B2AC-4A26-A2EB-7617F866AA76}.Release|Any CPU.ActiveCfg = Release|Any CPU
		{743F3481-B2AC-4A26-A2EB-7617F866AA76}.Release|Any CPU.Build.0 = Release|Any CPU
		{743F3481-B2AC-4A26-A2EB-7617F866AA76}.Release|Any CPU.Deploy.0 = Release|Any CPU
		{743F3481-B2AC-4A26-A2EB-7617F866AA76}.Release|ARM.ActiveCfg = Release|Any CPU
		{743F3481-B2AC-4A26-A2EB-7617F866AA76}.Release|iPhone.ActiveCfg = Release|Any CPU
		{743F3481-B2AC-4A26-A2EB-7617F866AA76}.Release|iPhoneSimulator.ActiveCfg = Release|Any CPU
		{743F3481-B2AC-4A26-A2EB-7617F866AA76}.Release|Mixed Platforms.ActiveCfg = Release|Any CPU
		{743F3481-B2AC-4A26-A2EB-7617F866AA76}.Release|Mixed Platforms.Build.0 = Release|Any CPU
		{743F3481-B2AC-4A26-A2EB-7617F866AA76}.Release|Mixed Platforms.Deploy.0 = Release|Any CPU
		{743F3481-B2AC-4A26-A2EB-7617F866AA76}.Release|x86.ActiveCfg = Release|Any CPU
		{B350D072-5EA6-4619-A63A-03ADF7E503D2}.Ad-Hoc|Any CPU.ActiveCfg = Ad-Hoc|iPhone
		{B350D072-5EA6-4619-A63A-03ADF7E503D2}.Ad-Hoc|ARM.ActiveCfg = Ad-Hoc|iPhone
		{B350D072-5EA6-4619-A63A-03ADF7E503D2}.Ad-Hoc|iPhone.ActiveCfg = Ad-Hoc|iPhone
		{B350D072-5EA6-4619-A63A-03ADF7E503D2}.Ad-Hoc|iPhone.Build.0 = Ad-Hoc|iPhone
		{B350D072-5EA6-4619-A63A-03ADF7E503D2}.Ad-Hoc|iPhoneSimulator.ActiveCfg = Ad-Hoc|iPhoneSimulator
		{B350D072-5EA6-4619-A63A-03ADF7E503D2}.Ad-Hoc|iPhoneSimulator.Build.0 = Ad-Hoc|iPhoneSimulator
		{B350D072-5EA6-4619-A63A-03ADF7E503D2}.Ad-Hoc|Mixed Platforms.ActiveCfg = Ad-Hoc|iPhone
		{B350D072-5EA6-4619-A63A-03ADF7E503D2}.Ad-Hoc|Mixed Platforms.Build.0 = Ad-Hoc|iPhone
		{B350D072-5EA6-4619-A63A-03ADF7E503D2}.Ad-Hoc|x86.ActiveCfg = Ad-Hoc|iPhone
		{B350D072-5EA6-4619-A63A-03ADF7E503D2}.AppStore|Any CPU.ActiveCfg = AppStore|iPhone
		{B350D072-5EA6-4619-A63A-03ADF7E503D2}.AppStore|ARM.ActiveCfg = AppStore|iPhone
		{B350D072-5EA6-4619-A63A-03ADF7E503D2}.AppStore|iPhone.ActiveCfg = AppStore|iPhone
		{B350D072-5EA6-4619-A63A-03ADF7E503D2}.AppStore|iPhone.Build.0 = AppStore|iPhone
		{B350D072-5EA6-4619-A63A-03ADF7E503D2}.AppStore|iPhoneSimulator.ActiveCfg = AppStore|iPhoneSimulator
		{B350D072-5EA6-4619-A63A-03ADF7E503D2}.AppStore|iPhoneSimulator.Build.0 = AppStore|iPhoneSimulator
		{B350D072-5EA6-4619-A63A-03ADF7E503D2}.AppStore|Mixed Platforms.ActiveCfg = AppStore|iPhone
		{B350D072-5EA6-4619-A63A-03ADF7E503D2}.AppStore|Mixed Platforms.Build.0 = AppStore|iPhone
		{B350D072-5EA6-4619-A63A-03ADF7E503D2}.AppStore|x86.ActiveCfg = AppStore|iPhone
		{B350D072-5EA6-4619-A63A-03ADF7E503D2}.Debug|Any CPU.ActiveCfg = Debug|iPhone
		{B350D072-5EA6-4619-A63A-03ADF7E503D2}.Debug|ARM.ActiveCfg = Debug|iPhone
		{B350D072-5EA6-4619-A63A-03ADF7E503D2}.Debug|iPhone.ActiveCfg = Debug|iPhone
		{B350D072-5EA6-4619-A63A-03ADF7E503D2}.Debug|iPhone.Build.0 = Debug|iPhone
		{B350D072-5EA6-4619-A63A-03ADF7E503D2}.Debug|iPhoneSimulator.ActiveCfg = Debug|iPhoneSimulator
		{B350D072-5EA6-4619-A63A-03ADF7E503D2}.Debug|iPhoneSimulator.Build.0 = Debug|iPhoneSimulator
		{B350D072-5EA6-4619-A63A-03ADF7E503D2}.Debug|Mixed Platforms.ActiveCfg = Debug|iPhone
		{B350D072-5EA6-4619-A63A-03ADF7E503D2}.Debug|Mixed Platforms.Build.0 = Debug|iPhone
		{B350D072-5EA6-4619-A63A-03ADF7E503D2}.Debug|x86.ActiveCfg = Debug|iPhone
		{B350D072-5EA6-4619-A63A-03ADF7E503D2}.Release|Any CPU.ActiveCfg = Release|iPhone
		{B350D072-5EA6-4619-A63A-03ADF7E503D2}.Release|ARM.ActiveCfg = Release|iPhone
		{B350D072-5EA6-4619-A63A-03ADF7E503D2}.Release|iPhone.ActiveCfg = Release|iPhone
		{B350D072-5EA6-4619-A63A-03ADF7E503D2}.Release|iPhone.Build.0 = Release|iPhone
		{B350D072-5EA6-4619-A63A-03ADF7E503D2}.Release|iPhoneSimulator.ActiveCfg = Release|iPhoneSimulator
		{B350D072-5EA6-4619-A63A-03ADF7E503D2}.Release|iPhoneSimulator.Build.0 = Release|iPhoneSimulator
		{B350D072-5EA6-4619-A63A-03ADF7E503D2}.Release|Mixed Platforms.ActiveCfg = Release|iPhone
		{B350D072-5EA6-4619-A63A-03ADF7E503D2}.Release|Mixed Platforms.Build.0 = Release|iPhone
		{B350D072-5EA6-4619-A63A-03ADF7E503D2}.Release|x86.ActiveCfg = Release|iPhone
	EndGlobalSection
	GlobalSection(SolutionProperties) = preSolution
		HideSolutionNode = FALSE
	EndGlobalSection
	GlobalSection(NestedProjects) = preSolution
		{4E368E39-653C-4878-A799-0B23BEE0B742} = {07C42357-72CD-4EDB-9104-70B13909888F}
		{CA78F6F7-C827-47F6-A5B1-7CF0BEA997C3} = {07C42357-72CD-4EDB-9104-70B13909888F}
		{4149E2C2-E7F9-4B1E-A693-6ED3A5FDB126} = {07C42357-72CD-4EDB-9104-70B13909888F}
		{1E85F862-EBE0-44BE-807C-64F2B2BA8AF6} = {07C42357-72CD-4EDB-9104-70B13909888F}
		{743F3481-B2AC-4A26-A2EB-7617F866AA76} = {4E566496-F743-4226-954C-1EA8020CD031}
		{B350D072-5EA6-4619-A63A-03ADF7E503D2} = {4E566496-F743-4226-954C-1EA8020CD031}
	EndGlobalSection
EndGlobal
